// !$*UTF8*$!
{
	archiveVersion = 1;
	classes = {
	};
	objectVersion = 46;
	objects = {

/* Begin PBXBuildFile section */
		1268CBD71C73053800319951 /* AppDelegate.m in Sources */ = {isa = PBXBuildFile; fileRef = 1268CBD61C73053800319951 /* AppDelegate.m */; };
		1268CBDA1C73053800319951 /* main.m in Sources */ = {isa = PBXBuildFile; fileRef = 1268CBD91C73053800319951 /* main.m */; };
		1268CBDD1C73053800319951 /* ViewController.m in Sources */ = {isa = PBXBuildFile; fileRef = 1268CBDC1C73053800319951 /* ViewController.m */; };
		1268CBE01C73053800319951 /* Neocom.xcdatamodeld in Sources */ = {isa = PBXBuildFile; fileRef = 1268CBDE1C73053800319951 /* Neocom.xcdatamodeld */; };
		1268CBE21C73053800319951 /* Assets.xcassets in Resources */ = {isa = PBXBuildFile; fileRef = 1268CBE11C73053800319951 /* Assets.xcassets */; };
		1268CBE51C73053800319951 /* Main.storyboard in Resources */ = {isa = PBXBuildFile; fileRef = 1268CBE31C73053800319951 /* Main.storyboard */; };
		1268CBEE1C73143A00319951 /* NCAccountsViewController.m in Sources */ = {isa = PBXBuildFile; fileRef = 1268CBED1C73143A00319951 /* NCAccountsViewController.m */; };
/* End PBXBuildFile section */

/* Begin PBXFileReference section */
		1268CBD21C73053800319951 /* Neocom.app */ = {isa = PBXFileReference; explicitFileType = wrapper.application; includeInIndex = 0; path = Neocom.app; sourceTree = BUILT_PRODUCTS_DIR; };
		1268CBD51C73053800319951 /* AppDelegate.h */ = {isa = PBXFileReference; lastKnownFileType = sourcecode.c.h; path = AppDelegate.h; sourceTree = "<group>"; };
		1268CBD61C73053800319951 /* AppDelegate.m */ = {isa = PBXFileReference; lastKnownFileType = sourcecode.c.objc; path = AppDelegate.m; sourceTree = "<group>"; };
		1268CBD91C73053800319951 /* main.m */ = {isa = PBXFileReference; lastKnownFileType = sourcecode.c.objc; path = main.m; sourceTree = "<group>"; };
		1268CBDB1C73053800319951 /* ViewController.h */ = {isa = PBXFileReference; lastKnownFileType = sourcecode.c.h; path = ViewController.h; sourceTree = "<group>"; };
		1268CBDC1C73053800319951 /* ViewController.m */ = {isa = PBXFileReference; lastKnownFileType = sourcecode.c.objc; path = ViewController.m; sourceTree = "<group>"; };
		1268CBDF1C73053800319951 /* Neocom.xcdatamodel */ = {isa = PBXFileReference; lastKnownFileType = wrapper.xcdatamodel; path = Neocom.xcdatamodel; sourceTree = "<group>"; };
		1268CBE11C73053800319951 /* Assets.xcassets */ = {isa = PBXFileReference; lastKnownFileType = folder.assetcatalog; path = Assets.xcassets; sourceTree = "<group>"; };
		1268CBE41C73053800319951 /* Base */ = {isa = PBXFileReference; lastKnownFileType = file.storyboard; name = Base; path = Base.lproj/Main.storyboard; sourceTree = "<group>"; };
		1268CBE61C73053800319951 /* Info.plist */ = {isa = PBXFileReference; lastKnownFileType = text.plist.xml; path = Info.plist; sourceTree = "<group>"; };
		1268CBEC1C73143A00319951 /* NCAccountsViewController.h */ = {isa = PBXFileReference; fileEncoding = 4; lastKnownFileType = sourcecode.c.h; path = NCAccountsViewController.h; sourceTree = "<group>"; };
		1268CBED1C73143A00319951 /* NCAccountsViewController.m */ = {isa = PBXFileReference; fileEncoding = 4; lastKnownFileType = sourcecode.c.objc; path = NCAccountsViewController.m; sourceTree = "<group>"; };
/* End PBXFileReference section */

/* Begin PBXFrameworksBuildPhase section */
		1268CBCF1C73053800319951 /* Frameworks */ = {
			isa = PBXFrameworksBuildPhase;
			buildActionMask = 2147483647;
			files = (
			);
			runOnlyForDeploymentPostprocessing = 0;
		};
/* End PBXFrameworksBuildPhase section */

/* Begin PBXGroup section */
		1268CBC91C73053700319951 = {
			isa = PBXGroup;
			children = (
				1268CBD41C73053800319951 /* Neocom */,
				1268CBD31C73053800319951 /* Products */,
			);
			sourceTree = "<group>";
		};
		1268CBD31C73053800319951 /* Products */ = {
			isa = PBXGroup;
			children = (
				1268CBD21C73053800319951 /* Neocom.app */,
			);
			name = Products;
			sourceTree = "<group>";
		};
		1268CBD41C73053800319951 /* Neocom */ = {
			isa = PBXGroup;
			children = (
				1268CBD51C73053800319951 /* AppDelegate.h */,
				1268CBD61C73053800319951 /* AppDelegate.m */,
				1268CBDB1C73053800319951 /* ViewController.h */,
				1268CBDC1C73053800319951 /* ViewController.m */,
				1268CBE11C73053800319951 /* Assets.xcassets */,
				1268CBE31C73053800319951 /* Main.storyboard */,
				1268CBE61C73053800319951 /* Info.plist */,
				1268CBDE1C73053800319951 /* Neocom.xcdatamodeld */,
				1268CBD81C73053800319951 /* Supporting Files */,
				1268CBEC1C73143A00319951 /* NCAccountsViewController.h */,
				1268CBED1C73143A00319951 /* NCAccountsViewController.m */,
			);
			path = Neocom;
			sourceTree = "<group>";
		};
		1268CBD81C73053800319951 /* Supporting Files */ = {
			isa = PBXGroup;
			children = (
				1268CBD91C73053800319951 /* main.m */,
			);
			name = "Supporting Files";
			sourceTree = "<group>";
		};
/* End PBXGroup section */

/* Begin PBXNativeTarget section */
		1268CBD11C73053800319951 /* Neocom */ = {
			isa = PBXNativeTarget;
			buildConfigurationList = 1268CBE91C73053800319951 /* Build configuration list for PBXNativeTarget "Neocom" */;
			buildPhases = (
				1268CBCE1C73053800319951 /* Sources */,
				1268CBCF1C73053800319951 /* Frameworks */,
				1268CBD01C73053800319951 /* Resources */,
			);
			buildRules = (
			);
			dependencies = (
			);
			name = Neocom;
			productName = Neocom;
			productReference = 1268CBD21C73053800319951 /* Neocom.app */;
			productType = "com.apple.product-type.application";
		};
/* End PBXNativeTarget section */

/* Begin PBXProject section */
		1268CBCA1C73053700319951 /* Project object */ = {
			isa = PBXProject;
			attributes = {
				LastUpgradeCheck = 0720;
				ORGANIZATIONNAME = "Shimanski Artem";
				TargetAttributes = {
					1268CBD11C73053800319951 = {
						CreatedOnToolsVersion = 7.2.1;
					};
				};
			};
			buildConfigurationList = 1268CBCD1C73053700319951 /* Build configuration list for PBXProject "Neocom" */;
			compatibilityVersion = "Xcode 3.2";
			developmentRegion = English;
			hasScannedForEncodings = 0;
			knownRegions = (
				en,
				Base,
			);
			mainGroup = 1268CBC91C73053700319951;
			productRefGroup = 1268CBD31C73053800319951 /* Products */;
			projectDirPath = "";
			projectRoot = "";
			targets = (
				1268CBD11C73053800319951 /* Neocom */,
			);
		};
/* End PBXProject section */

/* Begin PBXResourcesBuildPhase section */
		1268CBD01C73053800319951 /* Resources */ = {
			isa = PBXResourcesBuildPhase;
			buildActionMask = 2147483647;
			files = (
				1268CBE21C73053800319951 /* Assets.xcassets in Resources */,
				1268CBE51C73053800319951 /* Main.storyboard in Resources */,
			);
			runOnlyForDeploymentPostprocessing = 0;
		};
/* End PBXResourcesBuildPhase section */

/* Begin PBXSourcesBuildPhase section */
		1268CBCE1C73053800319951 /* Sources */ = {
			isa = PBXSourcesBuildPhase;
			buildActionMask = 2147483647;
			files = (
				1268CBE01C73053800319951 /* Neocom.xcdatamodeld in Sources */,
				1268CBDD1C73053800319951 /* ViewController.m in Sources */,
				1268CBEE1C73143A00319951 /* NCAccountsViewController.m in Sources */,
				1268CBDA1C73053800319951 /* main.m in Sources */,
				1268CBD71C73053800319951 /* AppDelegate.m in Sources */,
			);
			runOnlyForDeploymentPostprocessing = 0;
		};
/* End PBXSourcesBuildPhase section */

/* Begin PBXVariantGroup section */
		1268CBE31C73053800319951 /* Main.storyboard */ = {
			isa = PBXVariantGroup;
			children = (
				1268CBE41C73053800319951 /* Base */,
			);
			name = Main.storyboard;
			sourceTree = "<group>";
		};
/* End PBXVariantGroup section */

/* Begin XCBuildConfiguration section */
		1268CBE71C73053800319951 /* Debug */ = {
			isa = XCBuildConfiguration;
			buildSettings = {
				ALWAYS_SEARCH_USER_PATHS = NO;
				CLANG_CXX_LANGUAGE_STANDARD = "gnu++0x";
				CLANG_CXX_LIBRARY = "libc++";
				CLANG_ENABLE_MODULES = YES;
				CLANG_ENABLE_OBJC_ARC = YES;
				CLANG_WARN_BOOL_CONVERSION = YES;
				CLANG_WARN_CONSTANT_CONVERSION = YES;
				CLANG_WARN_DIRECT_OBJC_ISA_USAGE = YES_ERROR;
				CLANG_WARN_EMPTY_BODY = YES;
				CLANG_WARN_ENUM_CONVERSION = YES;
				CLANG_WARN_INT_CONVERSION = YES;
				CLANG_WARN_OBJC_ROOT_CLASS = YES_ERROR;
				CLANG_WARN_UNREACHABLE_CODE = YES;
				CLANG_WARN__DUPLICATE_METHOD_MATCH = YES;
				CODE_SIGN_IDENTITY = "-";
				COPY_PHASE_STRIP = NO;
				DEBUG_INFORMATION_FORMAT = dwarf;
				ENABLE_STRICT_OBJC_MSGSEND = YES;
				ENABLE_TESTABILITY = YES;
				GCC_C_LANGUAGE_STANDARD = gnu99;
				GCC_DYNAMIC_NO_PIC = NO;
				GCC_NO_COMMON_BLOCKS = YES;
				GCC_OPTIMIZATION_LEVEL = 0;
				GCC_PREPROCESSOR_DEFINITIONS = (
					"DEBUG=1",
					"$(inherited)",
				);
				GCC_WARN_64_TO_32_BIT_CONVERSION = YES;
				GCC_WARN_ABOUT_RETURN_TYPE = YES_ERROR;
				GCC_WARN_UNDECLARED_SELECTOR = YES;
				GCC_WARN_UNINITIALIZED_AUTOS = YES_AGGRESSIVE;
				GCC_WARN_UNUSED_FUNCTION = YES;
				GCC_WARN_UNUSED_VARIABLE = YES;
				MACOSX_DEPLOYMENT_TARGET = 10.11;
				MTL_ENABLE_DEBUG_INFO = YES;
				ONLY_ACTIVE_ARCH = YES;
				SDKROOT = macosx;
			};
			name = Debug;
		};
		1268CBE81C73053800319951 /* Release */ = {
			isa = XCBuildConfiguration;
			buildSettings = {
				ALWAYS_SEARCH_USER_PATHS = NO;
				CLANG_CXX_LANGUAGE_STANDARD = "gnu++0x";
				CLANG_CXX_LIBRARY = "libc++";
				CLANG_ENABLE_MODULES = YES;
				CLANG_ENABLE_OBJC_ARC = YES;
				CLANG_WARN_BOOL_CONVERSION = YES;
				CLANG_WARN_CONSTANT_CONVERSION = YES;
				CLANG_WARN_DIRECT_OBJC_ISA_USAGE = YES_ERROR;
				CLANG_WARN_EMPTY_BODY = YES;
				CLANG_WARN_ENUM_CONVERSION = YES;
				CLANG_WARN_INT_CONVERSION = YES;
				CLANG_WARN_OBJC_ROOT_CLASS = YES_ERROR;
				CLANG_WARN_UNREACHABLE_CODE = YES;
				CLANG_WARN__DUPLICATE_METHOD_MATCH = YES;
				CODE_SIGN_IDENTITY = "-";
				COPY_PHASE_STRIP = NO;
				DEBUG_INFORMATION_FORMAT = "dwarf-with-dsym";
				ENABLE_NS_ASSERTIONS = NO;
				ENABLE_STRICT_OBJC_MSGSEND = YES;
				GCC_C_LANGUAGE_STANDARD = gnu99;
				GCC_NO_COMMON_BLOCKS = YES;
				GCC_WARN_64_TO_32_BIT_CONVERSION = YES;
				GCC_WARN_ABOUT_RETURN_TYPE = YES_ERROR;
				GCC_WARN_UNDECLARED_SELECTOR = YES;
				GCC_WARN_UNINITIALIZED_AUTOS = YES_AGGRESSIVE;
				GCC_WARN_UNUSED_FUNCTION = YES;
				GCC_WARN_UNUSED_VARIABLE = YES;
				MACOSX_DEPLOYMENT_TARGET = 10.11;
				MTL_ENABLE_DEBUG_INFO = NO;
				SDKROOT = macosx;
			};
			name = Release;
		};
		1268CBEA1C73053800319951 /* Debug */ = {
			isa = XCBuildConfiguration;
			buildSettings = {
				ASSETCATALOG_COMPILER_APPICON_NAME = AppIcon;
				COMBINE_HIDPI_IMAGES = YES;
				INFOPLIST_FILE = Neocom/Info.plist;
				LD_RUNPATH_SEARCH_PATHS = "$(inherited) @executable_path/../Frameworks";
				PRODUCT_BUNDLE_IDENTIFIER = com.shimanski.Neocom;
				PRODUCT_NAME = "$(TARGET_NAME)";
			};
			name = Debug;
		};
		1268CBEB1C73053800319951 /* Release */ = {
			isa = XCBuildConfiguration;
			buildSettings = {
				ASSETCATALOG_COMPILER_APPICON_NAME = AppIcon;
				COMBINE_HIDPI_IMAGES = YES;
				INFOPLIST_FILE = Neocom/Info.plist;
				LD_RUNPATH_SEARCH_PATHS = "$(inherited) @executable_path/../Frameworks";
				PRODUCT_BUNDLE_IDENTIFIER = com.shimanski.Neocom;
				PRODUCT_NAME = "$(TARGET_NAME)";
			};
			name = Release;
		};
/* End XCBuildConfiguration section */

/* Begin XCConfigurationList section */
		1268CBCD1C73053700319951 /* Build configuration list for PBXProject "Neocom" */ = {
			isa = XCConfigurationList;
			buildConfigurations = (
				1268CBE71C73053800319951 /* Debug */,
				1268CBE81C73053800319951 /* Release */,
			);
			defaultConfigurationIsVisible = 0;
			defaultConfigurationName = Release;
		};
		1268CBE91C73053800319951 /* Build configuration list for PBXNativeTarget "Neocom" */ = {
			isa = XCConfigurationList;
			buildConfigurations = (
				1268CBEA1C73053800319951 /* Debug */,
				1268CBEB1C73053800319951 /* Release */,
			);
			defaultConfigurationIsVisible = 0;
		};
/* End XCConfigurationList section */

/* Begin XCVersionGroup section */
		1268CBDE1C73053800319951 /* Neocom.xcdatamodeld */ = {
			isa = XCVersionGroup;
			children = (
				1268CBDF1C73053800319951 /* Neocom.xcdatamodel */,
			);
			currentVersion = 1268CBDF1C73053800319951 /* Neocom.xcdatamodel */;
			path = Neocom.xcdatamodeld;
			sourceTree = "<group>";
			versionGroupType = wrapper.xcdatamodel;
		};
/* End XCVersionGroup section */
	};
	rootObject = 1268CBCA1C73053700319951 /* Project object */;
}
